
Microsoft Visual Studio Solution File, Format Version 12.00
# Visual Studio Version 17
VisualStudioVersion = 17.14.37012.4
MinimumVisualStudioVersion = 10.0.40219.1
Project("{2150E333-8FDC-42A3-9474-1A3956D46DE8}") = "Tests", "Tests", "{02EA681E-C7D8-13C7-8484-4AC65E1B71E8}"
EndProject
Project("{FAE04EC0-301F-11D3-BF4B-00C04F79EFBC}") = "Biriukov.Mathematics", "src\Biriukov.Mathematics\Biriukov.Mathematics.csproj", "{7D52B2BA-A9E6-F139-200B-545C89D7F555}"
EndProject
Project("{2150E333-8FDC-42A3-9474-1A3956D46DE8}") = "Libraries", "Libraries", "{38E5FFFF-145A-4034-A2B8-21B6B2C7CE93}"
EndProject
Project("{FAE04EC0-301F-11D3-BF4B-00C04F79EFBC}") = "Biriukov.Orientation.Core", "src\Biriukov.Orientation.Core\Biriukov.Orientation.Core.csproj", "{43FF85AE-652C-55F5-5B8D-B744104ED75F}"
EndProject
Project("{FAE04EC0-301F-11D3-BF4B-00C04F79EFBC}") = "Biriukov.OrdinaryDifferentialEquations", "src\Biriukov.OrdinaryDifferentialEquations\Biriukov.OrdinaryDifferentialEquations.csproj", "{F17F83B0-7A51-6BA4-38C4-D9271945FD4D}"
EndProject
Project("{FAE04EC0-301F-11D3-BF4B-00C04F79EFBC}") = "Biriukov.OptimalControl", "src\Biriukov.OptimalControl\Biriukov.OptimalControl.csproj", "{20767DD2-A4C7-4DC7-876A-6171C0A2343B}"
EndProject
Project("{FAE04EC0-301F-11D3-BF4B-00C04F79EFBC}") = "Biriukov.Mathematics.Tests", "src\Tests\Biriukov.Mathematics.Tests\Biriukov.Mathematics.Tests.csproj", "{26F0F99F-32CC-BD11-1087-F4A7EABC19B1}"
EndProject
Project("{FAE04EC0-301F-11D3-BF4B-00C04F79EFBC}") = "Biriukov.OptimalControl.Tests", "src\Tests\Biriukov.OptimalControl.Tests\Biriukov.OptimalControl.Tests.csproj", "{02AE1542-6DEE-31E8-7FC5-31BB873AB74E}"
EndProject
Project("{FAE04EC0-301F-11D3-BF4B-00C04F79EFBC}") = "Biriukov.OrdinaryDifferentialEquations.Tests", "src\Tests\Biriukov.OrdinaryDifferentialEquations.Tests\Biriukov.OrdinaryDifferentialEquations.Tests.csproj", "{650BE6F1-E338-F1B6-C6A5-E06B40137156}"
EndProject
Project("{FAE04EC0-301F-11D3-BF4B-00C04F79EFBC}") = "Biriukov.Orientation.Core.Tests", "src\Tests\Biriukov.Orientation.Core.Tests\Biriukov.Orientation.Core.Tests.csproj", "{FAA73EEB-39DA-DBDE-EE91-B07ECFB78E28}"
EndProject
Global
	GlobalSection(SolutionConfigurationPlatforms) = preSolution
		Debug|Any CPU = Debug|Any CPU
		Release|Any CPU = Release|Any CPU
	EndGlobalSection
	GlobalSection(ProjectConfigurationPlatforms) = postSolution
		{7D52B2BA-A9E6-F139-200B-545C89D7F555}.Debug|Any CPU.ActiveCfg = Debug|Any CPU
		{7D52B2BA-A9E6-F139-200B-545C89D7F555}.Debug|Any CPU.Build.0 = Debug|Any CPU
		{7D52B2BA-A9E6-F139-200B-545C89D7F555}.Release|Any CPU.ActiveCfg = Release|Any CPU
		{7D52B2BA-A9E6-F139-200B-545C89D7F555}.Release|Any CPU.Build.0 = Release|Any CPU
		{43FF85AE-652C-55F5-5B8D-B744104ED75F}.Debug|Any CPU.ActiveCfg = Debug|Any CPU
		{43FF85AE-652C-55F5-5B8D-B744104ED75F}.Debug|Any CPU.Build.0 = Debug|Any CPU
		{43FF85AE-652C-55F5-5B8D-B744104ED75F}.Release|Any CPU.ActiveCfg = Release|Any CPU
		{43FF85AE-652C-55F5-5B8D-B744104ED75F}.Release|Any CPU.Build.0 = Release|Any CPU
		{F17F83B0-7A51-6BA4-38C4-D9271945FD4D}.Debug|Any CPU.ActiveCfg = Debug|Any CPU
		{F17F83B0-7A51-6BA4-38C4-D9271945FD4D}.Debug|Any CPU.Build.0 = Debug|Any CPU
		{F17F83B0-7A51-6BA4-38C4-D9271945FD4D}.Release|Any CPU.ActiveCfg = Release|Any CPU
		{F17F83B0-7A51-6BA4-38C4-D9271945FD4D}.Release|Any CPU.Build.0 = Release|Any CPU
		{20767DD2-A4C7-4DC7-876A-6171C0A2343B}.Debug|Any CPU.ActiveCfg = Debug|Any CPU
		{20767DD2-A4C7-4DC7-876A-6171C0A2343B}.Debug|Any CPU.Build.0 = Debug|Any CPU
		{20767DD2-A4C7-4DC7-876A-6171C0A2343B}.Release|Any CPU.ActiveCfg = Release|Any CPU
		{20767DD2-A4C7-4DC7-876A-6171C0A2343B}.Release|Any CPU.Build.0 = Release|Any CPU
		{26F0F99F-32CC-BD11-1087-F4A7EABC19B1}.Debug|Any CPU.ActiveCfg = Debug|Any CPU
		{26F0F99F-32CC-BD11-1087-F4A7EABC19B1}.Debug|Any CPU.Build.0 = Debug|Any CPU
		{26F0F99F-32CC-BD11-1087-F4A7EABC19B1}.Release|Any CPU.ActiveCfg = Release|Any CPU
		{26F0F99F-32CC-BD11-1087-F4A7EABC19B1}.Release|Any CPU.Build.0 = Release|Any CPU
		{02AE1542-6DEE-31E8-7FC5-31BB873AB74E}.Debug|Any CPU.ActiveCfg = Debug|Any CPU
		{02AE1542-6DEE-31E8-7FC5-31BB873AB74E}.Debug|Any CPU.Build.0 = Debug|Any CPU
		{02AE1542-6DEE-31E8-7FC5-31BB873AB74E}.Release|Any CPU.ActiveCfg = Release|Any CPU
		{02AE1542-6DEE-31E8-7FC5-31BB873AB74E}.Release|Any CPU.Build.0 = Release|Any CPU
		{650BE6F1-E338-F1B6-C6A5-E06B40137156}.Debug|Any CPU.ActiveCfg = Debug|Any CPU
		{650BE6F1-E338-F1B6-C6A5-E06B40137156}.Debug|Any CPU.Build.0 = Debug|Any CPU
		{650BE6F1-E338-F1B6-C6A5-E06B40137156}.Release|Any CPU.ActiveCfg = Release|Any CPU
		{650BE6F1-E338-F1B6-C6A5-E06B40137156}.Release|Any CPU.Build.0 = Release|Any CPU
		{FAA73EEB-39DA-DBDE-EE91-B07ECFB78E28}.Debug|Any CPU.ActiveCfg = Debug|Any CPU
		{FAA73EEB-39DA-DBDE-EE91-B07ECFB78E28}.Debug|Any CPU.Build.0 = Debug|Any CPU
		{FAA73EEB-39DA-DBDE-EE91-B07ECFB78E28}.Release|Any CPU.ActiveCfg = Release|Any CPU
		{FAA73EEB-39DA-DBDE-EE91-B07ECFB78E28}.Release|Any CPU.Build.0 = Release|Any CPU
	EndGlobalSection
	GlobalSection(SolutionProperties) = preSolution
		HideSolutionNode = FALSE
	EndGlobalSection
	GlobalSection(NestedProjects) = preSolution
		{7D52B2BA-A9E6-F139-200B-545C89D7F555} = {38E5FFFF-145A-4034-A2B8-21B6B2C7CE93}
		{43FF85AE-652C-55F5-5B8D-B744104ED75F} = {38E5FFFF-145A-4034-A2B8-21B6B2C7CE93}
		{F17F83B0-7A51-6BA4-38C4-D9271945FD4D} = {38E5FFFF-145A-4034-A2B8-21B6B2C7CE93}
		{20767DD2-A4C7-4DC7-876A-6171C0A2343B} = {38E5FFFF-145A-4034-A2B8-21B6B2C7CE93}
		{26F0F99F-32CC-BD11-1087-F4A7EABC19B1} = {02EA681E-C7D8-13C7-8484-4AC65E1B71E8}
		{02AE1542-6DEE-31E8-7FC5-31BB873AB74E} = {02EA681E-C7D8-13C7-8484-4AC65E1B71E8}
		{650BE6F1-E338-F1B6-C6A5-E06B40137156} = {02EA681E-C7D8-13C7-8484-4AC65E1B71E8}
		{FAA73EEB-39DA-DBDE-EE91-B07ECFB78E28} = {02EA681E-C7D8-13C7-8484-4AC65E1B71E8}
	EndGlobalSection
	GlobalSection(ExtensibilityGlobals) = postSolution
		SolutionGuid = {24272B21-866E-4308-9F95-EDA027D6C2DA}
	EndGlobalSection
EndGlobal
